
Microsoft Visual Studio Solution File, Format Version 12.00
# Visual Studio Version 17
VisualStudioVersion = 17.13.35931.197
MinimumVisualStudioVersion = 10.0.40219.1
Project("{2150E333-8FDC-42A3-9474-1A3956D46DE8}") = "Game", "Game", "{02EA681E-C7D8-13C7-8484-4AC65E1B71E8}"
EndProject
Project("{2150E333-8FDC-42A3-9474-1A3956D46DE8}") = "Engine", "Engine", "{C3B18253-500C-4EE7-A736-2E87B74E44B9}"
EndProject
Project("{8BC9CEB8-8B4A-11D0-8D11-00A0C91BC942}") = "GameCore", "Game\GameCore\GameCore.vcxproj", "{7A64FC62-5618-4D1D-9CE4-CA501766D8E6}"
EndProject
Project("{8BC9CEB8-8B4A-11D0-8D11-00A0C91BC942}") = "EngineCore", "Engine\EngineCore\EngineCore.vcxproj", "{C46AC073-FCEC-4C9B-B4B0-BC83598C730A}"
EndProject
Project("{8BC9CEB8-8B4A-11D0-8D11-00A0C91BC942}") = "Graphics", "Engine\Libs\Graphics\Graphics.vcxproj", "{54E1710E-10F9-462E-A0B3-0E447B5389D0}"
EndProject
Project("{2150E333-8FDC-42A3-9474-1A3956D46DE8}") = "Libs", "Libs", "{41772424-AD03-47A5-AB91-B6D6361CBC96}"
EndProject
Project("{8BC9CEB8-8B4A-11D0-8D11-00A0C91BC942}") = "Logger", "Engine\Libs\Logger\Logger.vcxproj", "{F0C59934-AC08-4A69-849B-FC45DD4A5B51}"
EndProject
Project("{8BC9CEB8-8B4A-11D0-8D11-00A0C91BC942}") = "CollectorManager", "Engine\Libs\CollectorManager\CollectorManager.vcxproj", "{A256A432-4476-4292-9438-AB6D5A9A1440}"
EndProject
Project("{8BC9CEB8-8B4A-11D0-8D11-00A0C91BC942}") = "FrameTimer", "Engine\Libs\FrameTimer\FrameTimer.vcxproj", "{39C0D9D7-DF27-499E-9F9A-983B7CFBCD30}"
EndProject
Project("{8BC9CEB8-8B4A-11D0-8D11-00A0C91BC942}") = "RagaDebugViewer", "..\..\..\Documents\RagaProject\RagX_Solution\DebugView\RagaDebugViewer.vcxproj", "{F338CBF6-611A-409B-AF04-E96582B5A182}"
EndProject
Project("{8BC9CEB8-8B4A-11D0-8D11-00A0C91BC942}") = "Input", "Engine\Libs\Input\Input.vcxproj", "{B9E92C17-3DB8-4BDB-A9A8-40CD8CCB1B71}"
EndProject
Global
	GlobalSection(SolutionConfigurationPlatforms) = preSolution
		Debug|x64 = Debug|x64
		Debug|x86 = Debug|x86
		Release|x64 = Release|x64
		Release|x86 = Release|x86
	EndGlobalSection
	GlobalSection(ProjectConfigurationPlatforms) = postSolution
		{7A64FC62-5618-4D1D-9CE4-CA501766D8E6}.Debug|x64.ActiveCfg = Debug|x64
		{7A64FC62-5618-4D1D-9CE4-CA501766D8E6}.Debug|x64.Build.0 = Debug|x64
		{7A64FC62-5618-4D1D-9CE4-CA501766D8E6}.Debug|x86.ActiveCfg = Debug|Win32
		{7A64FC62-5618-4D1D-9CE4-CA501766D8E6}.Debug|x86.Build.0 = Debug|Win32
		{7A64FC62-5618-4D1D-9CE4-CA501766D8E6}.Release|x64.ActiveCfg = Release|x64
		{7A64FC62-5618-4D1D-9CE4-CA501766D8E6}.Release|x64.Build.0 = Release|x64
		{7A64FC62-5618-4D1D-9CE4-CA501766D8E6}.Release|x86.ActiveCfg = Release|Win32
		{7A64FC62-5618-4D1D-9CE4-CA501766D8E6}.Release|x86.Build.0 = Release|Win32
		{C46AC073-FCEC-4C9B-B4B0-BC83598C730A}.Debug|x64.ActiveCfg = Debug|x64
		{C46AC073-FCEC-4C9B-B4B0-BC83598C730A}.Debug|x64.Build.0 = Debug|x64
		{C46AC073-FCEC-4C9B-B4B0-BC83598C730A}.Debug|x86.ActiveCfg = Debug|Win32
		{C46AC073-FCEC-4C9B-B4B0-BC83598C730A}.Debug|x86.Build.0 = Debug|Win32
		{C46AC073-FCEC-4C9B-B4B0-BC83598C730A}.Release|x64.ActiveCfg = Release|x64
		{C46AC073-FCEC-4C9B-B4B0-BC83598C730A}.Release|x64.Build.0 = Release|x64
		{C46AC073-FCEC-4C9B-B4B0-BC83598C730A}.Release|x86.ActiveCfg = Release|Win32
		{C46AC073-FCEC-4C9B-B4B0-BC83598C730A}.Release|x86.Build.0 = Release|Win32
		{54E1710E-10F9-462E-A0B3-0E447B5389D0}.Debug|x64.ActiveCfg = Debug|x64
		{54E1710E-10F9-462E-A0B3-0E447B5389D0}.Debug|x64.Build.0 = Debug|x64
		{54E1710E-10F9-462E-A0B3-0E447B5389D0}.Debug|x86.ActiveCfg = Debug|Win32
		{54E1710E-10F9-462E-A0B3-0E447B5389D0}.Debug|x86.Build.0 = Debug|Win32
		{54E1710E-10F9-462E-A0B3-0E447B5389D0}.Release|x64.ActiveCfg = Release|x64
		{54E1710E-10F9-462E-A0B3-0E447B5389D0}.Release|x64.Build.0 = Release|x64
		{54E1710E-10F9-462E-A0B3-0E447B5389D0}.Release|x86.ActiveCfg = Release|Win32
		{54E1710E-10F9-462E-A0B3-0E447B5389D0}.Release|x86.Build.0 = Release|Win32
		{F0C59934-AC08-4A69-849B-FC45DD4A5B51}.Debug|x64.ActiveCfg = Debug|x64
		{F0C59934-AC08-4A69-849B-FC45DD4A5B51}.Debug|x64.Build.0 = Debug|x64
		{F0C59934-AC08-4A69-849B-FC45DD4A5B51}.Debug|x86.ActiveCfg = Debug|Win32
		{F0C59934-AC08-4A69-849B-FC45DD4A5B51}.Debug|x86.Build.0 = Debug|Win32
		{F0C59934-AC08-4A69-849B-FC45DD4A5B51}.Release|x64.ActiveCfg = Release|x64
		{F0C59934-AC08-4A69-849B-FC45DD4A5B51}.Release|x64.Build.0 = Release|x64
		{F0C59934-AC08-4A69-849B-FC45DD4A5B51}.Release|x86.ActiveCfg = Release|Win32
		{F0C59934-AC08-4A69-849B-FC45DD4A5B51}.Release|x86.Build.0 = Release|Win32
		{A256A432-4476-4292-9438-AB6D5A9A1440}.Debug|x64.ActiveCfg = Debug|x64
		{A256A432-4476-4292-9438-AB6D5A9A1440}.Debug|x64.Build.0 = Debug|x64
		{A256A432-4476-4292-9438-AB6D5A9A1440}.Debug|x86.ActiveCfg = Debug|Win32
		{A256A432-4476-4292-9438-AB6D5A9A1440}.Debug|x86.Build.0 = Debug|Win32
		{A256A432-4476-4292-9438-AB6D5A9A1440}.Release|x64.ActiveCfg = Release|x64
		{A256A432-4476-4292-9438-AB6D5A9A1440}.Release|x64.Build.0 = Release|x64
		{A256A432-4476-4292-9438-AB6D5A9A1440}.Release|x86.ActiveCfg = Release|Win32
		{A256A432-4476-4292-9438-AB6D5A9A1440}.Release|x86.Build.0 = Release|Win32
		{39C0D9D7-DF27-499E-9F9A-983B7CFBCD30}.Debug|x64.ActiveCfg = Debug|x64
		{39C0D9D7-DF27-499E-9F9A-983B7CFBCD30}.Debug|x64.Build.0 = Debug|x64
		{39C0D9D7-DF27-499E-9F9A-983B7CFBCD30}.Debug|x86.ActiveCfg = Debug|Win32
		{39C0D9D7-DF27-499E-9F9A-983B7CFBCD30}.Debug|x86.Build.0 = Debug|Win32
		{39C0D9D7-DF27-499E-9F9A-983B7CFBCD30}.Release|x64.ActiveCfg = Release|x64
		{39C0D9D7-DF27-499E-9F9A-983B7CFBCD30}.Release|x64.Build.0 = Release|x64
		{39C0D9D7-DF27-499E-9F9A-983B7CFBCD30}.Release|x86.ActiveCfg = Release|Win32
		{39C0D9D7-DF27-499E-9F9A-983B7CFBCD30}.Release|x86.Build.0 = Release|Win32
		{F338CBF6-611A-409B-AF04-E96582B5A182}.Debug|x64.ActiveCfg = Debug|x64
		{F338CBF6-611A-409B-AF04-E96582B5A182}.Debug|x64.Build.0 = Debug|x64
		{F338CBF6-611A-409B-AF04-E96582B5A182}.Debug|x86.ActiveCfg = Debug|Win32
		{F338CBF6-611A-409B-AF04-E96582B5A182}.Debug|x86.Build.0 = Debug|Win32
		{F338CBF6-611A-409B-AF04-E96582B5A182}.Release|x64.ActiveCfg = Release|x64
		{F338CBF6-611A-409B-AF04-E96582B5A182}.Release|x64.Build.0 = Release|x64
		{F338CBF6-611A-409B-AF04-E96582B5A182}.Release|x86.ActiveCfg = Release|Win32
		{F338CBF6-611A-409B-AF04-E96582B5A182}.Release|x86.Build.0 = Release|Win32
		{B9E92C17-3DB8-4BDB-A9A8-40CD8CCB1B71}.Debug|x64.ActiveCfg = Debug|x64
		{B9E92C17-3DB8-4BDB-A9A8-40CD8CCB1B71}.Debug|x64.Build.0 = Debug|x64
		{B9E92C17-3DB8-4BDB-A9A8-40CD8CCB1B71}.Debug|x86.ActiveCfg = Debug|Win32
		{B9E92C17-3DB8-4BDB-A9A8-40CD8CCB1B71}.Debug|x86.Build.0 = Debug|Win32
		{B9E92C17-3DB8-4BDB-A9A8-40CD8CCB1B71}.Release|x64.ActiveCfg = Release|x64
		{B9E92C17-3DB8-4BDB-A9A8-40CD8CCB1B71}.Release|x64.Build.0 = Release|x64
		{B9E92C17-3DB8-4BDB-A9A8-40CD8CCB1B71}.Release|x86.ActiveCfg = Release|Win32
		{B9E92C17-3DB8-4BDB-A9A8-40CD8CCB1B71}.Release|x86.Build.0 = Release|Win32
	EndGlobalSection
	GlobalSection(SolutionProperties) = preSolution
		HideSolutionNode = FALSE
	EndGlobalSection
	GlobalSection(NestedProjects) = preSolution
		{7A64FC62-5618-4D1D-9CE4-CA501766D8E6} = {02EA681E-C7D8-13C7-8484-4AC65E1B71E8}
		{C46AC073-FCEC-4C9B-B4B0-BC83598C730A} = {C3B18253-500C-4EE7-A736-2E87B74E44B9}
		{54E1710E-10F9-462E-A0B3-0E447B5389D0} = {41772424-AD03-47A5-AB91-B6D6361CBC96}
		{41772424-AD03-47A5-AB91-B6D6361CBC96} = {C3B18253-500C-4EE7-A736-2E87B74E44B9}
		{F0C59934-AC08-4A69-849B-FC45DD4A5B51} = {41772424-AD03-47A5-AB91-B6D6361CBC96}
		{A256A432-4476-4292-9438-AB6D5A9A1440} = {41772424-AD03-47A5-AB91-B6D6361CBC96}
		{39C0D9D7-DF27-499E-9F9A-983B7CFBCD30} = {41772424-AD03-47A5-AB91-B6D6361CBC96}
		{B9E92C17-3DB8-4BDB-A9A8-40CD8CCB1B71} = {41772424-AD03-47A5-AB91-B6D6361CBC96}
	EndGlobalSection
	GlobalSection(ExtensibilityGlobals) = postSolution
		SolutionGuid = {5E6D3FFC-1C6D-444C-9DF3-6607E82F7456}
	EndGlobalSection
EndGlobal
