<?xml version="1.0" encoding="utf-8"?>
<Project ToolsVersion="4.0" xmlns="http://schemas.microsoft.com/developer/msbuild/2003">
  <ItemGroup>
    <Filter Include="Public">
      <UniqueIdentifier>{93995380-89BD-4b04-88EB-625FBE52EBFB}</UniqueIdentifier>
      <Extensions>h;hh;hpp;hxx;h++;hm;inl;inc;ipp;xsd</Extensions>
    </Filter>
    <Filter Include="Private">
      <UniqueIdentifier>{4FC737F1-C7A5-4376-A066-2A32D752A2FF}</UniqueIdentifier>
      <Extensions>cpp;c;cc;cxx;c++;cppm;ixx;def;odl;idl;hpj;bat;asm;asmx</Extensions>
    </Filter>
    <Filter Include="Src">
      <UniqueIdentifier>{67DA6AB6-F800-4c08-8B7A-83BB121AAD01}</UniqueIdentifier>
      <Extensions>rc;ico;cur;bmp;dlg;rc2;rct;bin;rgs;gif;jpg;jpeg;jpe;resx;tiff;tif;png;wav;mfcribbon-ms</Extensions>
    </Filter>
    <Filter Include="Public\Window">
      <UniqueIdentifier>{21699567-9660-443e-9b94-0387c5a40c72}</UniqueIdentifier>
    </Filter>
    <Filter Include="Src\Window">
      <UniqueIdentifier>{5bd7e24e-beb0-4f6d-acce-ff0ccbba75fa}</UniqueIdentifier>
    </Filter>
    <Filter Include="Private\Window">
      <UniqueIdentifier>{ee093674-7c78-4145-8c8f-ab1062da99ec}</UniqueIdentifier>
    </Filter>
  </ItemGroup>
  <ItemGroup>
    <ClInclude Include="Public\Window\Window.h">
      <Filter>Public\Window</Filter>
    </ClInclude>
    <ClInclude Include="Public\Window\IWindow.h">
      <Filter>Public\Window</Filter>
    </ClInclude>
    <ClInclude Include="Public\Window\WindowMode.h">
      <Filter>Public\Window</Filter>
    </ClInclude>
    <ClInclude Include="Private\Window\WindowInternal.h">
      <Filter>Private\Window</Filter>
    </ClInclude>
  </ItemGroup>
  <ItemGroup>
    <ClCompile Include="Src\Window\Window.cpp">
      <Filter>Src\Window</Filter>
    </ClCompile>
  </ItemGroup>
</Project>